
Microsoft Visual Studio Solution File, Format Version 12.00
Project("{FAE04EC0-301F-11D3-BF4B-00C04F79EFBC}") = "Cibbi.CFAM", "Cibbi.CFAM\Cibbi.CFAM.csproj", "{B573AC61-7E7A-4B29-A893-9A40BE36B11D}"
EndProject
Global
	GlobalSection(SolutionConfigurationPlatforms) = preSolution
		Debug|Any CPU = Debug|Any CPU
		Release|Any CPU = Release|Any CPU
	EndGlobalSection
	GlobalSection(ProjectConfigurationPlatforms) = postSolution
		{B573AC61-7E7A-4B29-A893-9A40BE36B11D}.Debug|Any CPU.ActiveCfg = Debug|Any CPU
		{B573AC61-7E7A-4B29-A893-9A40BE36B11D}.Debug|Any CPU.Build.0 = Debug|Any CPU
		{B573AC61-7E7A-4B29-A893-9A40BE36B11D}.Release|Any CPU.ActiveCfg = Release|Any CPU
		{B573AC61-7E7A-4B29-A893-9A40BE36B11D}.Release|Any CPU.Build.0 = Release|Any CPU
	EndGlobalSection
EndGlobal
